
Microsoft Visual Studio Solution File, Format Version 12.00
# Visual Studio 15
VisualStudioVersion = 15.0.27428.1
MinimumVisualStudioVersion = 10.0.40219.1
Project("{8BC9CEB8-8B4A-11D0-8D11-00A0C91BC942}") = "SkynetHK-Aerial", "SkynetHK-Aerial\SkynetHK-Aerial.vcxproj", "{8FD9A172-274D-4C2B-B440-EACD9A525F8A}"
EndProject
Global
	GlobalSection(SolutionConfigurationPlatforms) = preSolution
		Debug|x64 = Debug|x64
		Debug|x86 = Debug|x86
		Release|x64 = Release|x64
		Release|x86 = Release|x86
	EndGlobalSection
	GlobalSection(ProjectConfigurationPlatforms) = postSolution
		{8FD9A172-274D-4C2B-B440-EACD9A525F8A}.Debug|x64.ActiveCfg = Debug|x64
		{8FD9A172-274D-4C2B-B440-EACD9A525F8A}.Debug|x64.Build.0 = Debug|x64
		{8FD9A172-274D-4C2B-B440-EACD9A525F8A}.Debug|x86.ActiveCfg = Debug|Win32
		{8FD9A172-274D-4C2B-B440-EACD9A525F8A}.Debug|x86.Build.0 = Debug|Win32
		{8FD9A172-274D-4C2B-B440-EACD9A525F8A}.Release|x64.ActiveCfg = Release|x64
		{8FD9A172-274D-4C2B-B440-EACD9A525F8A}.Release|x64.Build.0 = Release|x64
		{8FD9A172-274D-4C2B-B440-EACD9A525F8A}.Release|x86.ActiveCfg = Release|Win32
		{8FD9A172-274D-4C2B-B440-EACD9A525F8A}.Release|x86.Build.0 = Release|Win32
	EndGlobalSection
	GlobalSection(SolutionProperties) = preSolution
		HideSolutionNode = FALSE
	EndGlobalSection
	GlobalSection(ExtensibilityGlobals) = postSolution
		SolutionGuid = {AFFCD1CF-CD91-4675-BEA3-B3BE6492D910}
	EndGlobalSection
EndGlobal
